PODS:
  - AWSCore (2.41.0)
  - AWSDynamoDB (2.41.0):
    - AWSCore (= 2.41.0)
  - AWSSNS (2.41.0):
    - AWSCore (= 2.41.0)
  - Emoji-swift (0.3.0)
  - Haring (2.1)
  - HTMLEntities (4.0.1)
  - Receiver (0.0.4)
  - RPCircularProgress (0.5.0)
  - SpreadsheetView (0.9.1)

DEPENDENCIES:
  - AWSDynamoDB
  - AWSSNS
  - Emoji-swift
  - Haring (from `https://github.com/kevincador/Haring.git`)
  - HTMLEntities (from `https://github.com/IBM-Swift/swift-html-entities.git`)
  - Receiver (from `https://github.com/kevincador/Receiver.git`)
  - RPCircularProgress (~> 0.4)
  - SpreadsheetView

SPEC REPOS:
  trunk:
    - AWSCore
    - AWSDynamoDB
    - AWSSNS
    - Emoji-swift
    - RPCircularProgress
    - SpreadsheetView

EXTERNAL SOURCES:
  Haring:
    :git: https://github.com/kevincador/Haring.git
  HTMLEntities:
    :git: https://github.com/IBM-Swift/swift-html-entities.git
  Receiver:
    :git: https://github.com/kevincador/Receiver.git

CHECKOUT OPTIONS:
  Haring:
    :commit: a68386fe98997aea2ce655f1c6ca527399183fad
    :git: https://github.com/kevincador/Haring.git
  HTMLEntities:
    :commit: d8ca73197f59ce260c71bd6d7f6eb8bbdccf508b
    :git: https://github.com/IBM-Swift/swift-html-entities.git
  Receiver:
    :commit: 46e6153e083edd2b3c22d53159c7e4354ee53f79
    :git: https://github.com/kevincador/Receiver.git

SPEC CHECKSUMS:
  AWSCore: ee7594bda3132cde8666328bf9a09d8770c1c100
  AWSDynamoDB: 2e91250511b207f6952bcf69118c568bc584377d
  AWSSNS: 9217445a1551ccfe6becadd17558ca919ef1f335
  Emoji-swift: 3f07baeecbeb1490193299f993890020aae8c413
  Haring: 074a0ea3e9bca44a8f0b141d9279741def1cd4db
  HTMLEntities: 4baa0d4e9cffcadb10d38b8b5d758f9e65f6d166
  Receiver: 91cd23381cd2aab60c7ee6dd5b7174fabab4cfd0
  RPCircularProgress: 4499d4a1453dfbd3fe5bd8c6f344fd51cff3ad00
  SpreadsheetView: 688dbd19f2b355df0eb09e486266fd913a013449

PODFILE CHECKSUM: 29148b9ad9d158585ca59199da4c8c71b054b160

COCOAPODS: 1.16.2
